{
  "version": 4,
  "terraform_version": "0.13.4",
  "serial": 88,
  "lineage": "5417f99f-5419-2122-e18c-ed871b2ead58",
  "outputs": {
    "tls_private_key": {
      "value": "-----BEGIN RSA PRIVATE KEY-----\nMIIJKQIBAAKCAgEA2Z3RsRSPSJ+TSG21DhH9MS1hFCW3fZzMu9mZ6M/LePMnxiZD\nuQLaTxc7GbQJ6CUi0bHiopRE+igQdQycwJ4HqGNapCGbqOzv7NM1O1OmhAZBJn7p\nA3km7D1YUO5UCCOEGy0KPHKhFnooF2qIpauXOu0fnRsiHDAsc8gVtJ0V2gS81RYb\ncJjVkF32bjcEc9nRZE7zoF5LqKo+4gJPU9C7+PqWLp0BkYpXLYSg3ChtWMsbYEAw\nEUM2IEKIzfVAjaSytXBqDekP5fdkAIJ8F05AfPED2iG+kiTiRMz7CbxhPMWpZThY\nWy3u8qW5L6JV4Ld204BQjkvXUR/Qs2e4Hd0wnEH75D+v4QLC5OFbKWJqJcoRUNNS\nml7zNXSfKUgVpOrB4lfU02O6tEwuMOB6LcPoztJLZyxkO1JNAA6U3ZdhifrsUcu5\nW4o4T177nr+OB35nqN8b/TC9IFZKYFc+hTEGcq+2BZUVRCn7qP5sT9r6T92dbbTk\nHKVbtHcgIsf5njZ/DjWvSZdghRkJ7TOOPAm8soUHh7QQy5dP+arGhsUz7/LtZesf\nwZ/pZL73X8MoxZHIPI+m1NnfSpUWRuE7eZD0o37uMVHf8G16q2kZsXNby8pZavA7\ndAlJrUlkVycOXBqeaEcPLfGg3PgdIjzrpeKWDDEtwyjAWMUp5gc8gf/YEUMCAwEA\nAQKCAgEAgb4PA/WPC6xgIkGOPapJ+yTkCSAHivOOOL0efuhMlnraDtBHdimWQKtI\nCCYH9gkV/lGBHo8ppL94OGDhoBFX3XQG2W5UIN3Kmba+uPVBhNs5wprNj82OgDB+\n1BmTrhqGq7EptipdkkoYVwWkHKn2CyLOw1sm9glep1T2Y+131rkWYDDDAVmNknoC\n72kL1YpaxeQwaj9t+kwuG49m/kCnoWS9X2MqSTxih3fYdAoCT3sggj0iq1gYEBm6\n+Jgs+YXlKjmwcUSvvtrFG2ywUTDNT/Bd7JJLzVQCNyTC0uYmTxZFzVxPiWUUXkSh\n6R1u+ABJ7wVEgeIDqJFAW4YOBngWfykUy3aT64YEqMNgL8LZHF9d61XylnAeHUaM\nwZFzejGB5YOSA37u8cC6f06lfD/jwlHlDc8r4kp5GrHWbTpmXqSLZZBHrOw2Ky6b\nIDWuHwksEvXcRUgAFy2GMAjMe0fd1Uiq5kP4DWJZdKH4ki6xl0F3he/SvKxw3pgm\nXYldWihQNXa7GX4bLNqNjriKAE1vVey0r3FTFkcpkguuJUPVm6bXl4PLBNyui5H4\nQiwDvDAhjOn9XOVd2gKOwXDBoXzdqrN1JS0s2PbMYIhTbj9cT3/Y3H2emuwkiMgc\n2zufP+J3ua4Ty8GW85nM6PFofgaHZVwlIwH1KaoFXA8l3vTIfmkCggEBAPllBe5h\nm9tjOrAB4xcJnk4H0R2D+LT3awMqdfn4EbUN2Iw0RiCvXk37WfTmK0nuUFbfGkpB\nqLftvNmRj9XL6kaobV2a6cEgjOi809qD06uySzQnUXzOUExBkORayjfEcK1vR8kY\nDjTv/uC9XJZq0zkZYcXx6IAJuVXLCs88hOBJqsSV5eipr0lR6pkRvXsJiehO1+s3\nQWkDgJjmyN2XDAsPhSzH+aK3beDRIXfoomlY0tBHAN01VfSIeUz+tf3WDrKBFjas\nhLfr3mpH4oeUVvf1n5Qa9sA6Gxh2fqYDJdwhE4WyrcDCOw4fKN6a81scDiacDRT2\nrprVdBU0Mo/Jte0CggEBAN9hVGzXMkPn31dPdzDKYRnIqEKougGJ6SQIVrnuqowq\n1FsGF34w/3i1tKqQzMnK/errd4ccw8QDVSPM6PG12iCh4l//hmenPFqRfAm8CnWb\nKgosDxy1GlbuUvvMyrcn1Q9b8Y6mEan4FnX+in7hQRD+/T3skol2J0htb47yZQ78\n10qzo0r9p3+MPExe3IcQEWK6I+O/hmfFvwCkMvXEAhLxhkeevWjnnMbQF5+KYaZ3\n1PcBEc/YK3afqdKDGlgPZ0nlGUGsUHm8vyPj3jHY7lZ3Slnb/jAbwgqhIMLcQ7/R\nofNL3DPQN5lV6iBzLUcbxxMJltgUaRq5JXZmVBks/e8CggEAGbtssz3rAOXqJkLr\nlXLunIp97xewz6s/pWH6LkKEQTQehcjW+4RcrJskmvosuUIXk/8NDWBc8i1bcO9t\n8ddKYuP59NCJEd4z68ef7EnxyyNoUwdDhycabePN+WHMv5hLL/ntZDhRLvEcUT/4\nj6SSCrAtwGjHXn6iWtHKWbua0jGHpyT4RdtMNLp5BDYqYMmJKykHakOXQiiUWjJl\nw0dUfMerLAWuIjXe5nVtiJu+NjRt/AN3eVuJdOOn8GPPj1NIzO44xodiYj+6ASlN\nnEOX/ZmgT33Au/DC3vFK/AITI/VduEvJVbw0r65TXzSJq3rnkuBDEUiql1sy0QVD\nukZLuQKCAQAqXR4SyjkpMbdkqphzM1548loe0jr8gbgqcj5oYsALdy/w11XrQ8Wf\nke5ijrWX65x+SgvQHv9tlCg4cusWtCNbHvh8tkw6KjhDAOZiPjxJk5TEexienCYT\nqH0qbetgEvjQQeKs6AffkUJJPG3tpDCf1YwXi187HKJUlRScKpJJ5l+6NhlY5oQ2\np1TkMvVl1AFIFP8reS43TgRsTbewbmzqRM3vlUZct9g+yEZCpo7gcEd+VMCZB2ku\nxRcC6oQ7gShYlk9U6iYVAFvLpbKFB5wj39nE8vjhDNKfC3HYIsfigBJTvuZTGUEC\nHo4Ze15x5u25SY9HCY/pVoWpT7zRTXwXAoIBAQDEF7vRt6h7ExuN/0rs8C7BQzwT\nLyhy5E0ZLi6tfjywa3fk1thB9bIZEANJHEOXyA+XtX0BWA9+WgdhoPwtC+aBXK5/\neCS4WMSGMFwmPdOo+8guTY1oYdYH7SnvapnuCqwzwq8tvLdwTvmXzHx5d4Vv2wJG\nNlJlwutbmNLAsp0nv0H6NgCe0w++MAnxqdyVq2Shc/yZE+daDcJvSGYZYMipLQU7\nV85eA7/u5/Ze4Cucr/3Tm3jEI1rDPqMkAC58fQ6x1xIFdS8Cr7GOyNr57azqSjfi\n6iUrpO3hGKQjEaY/RqILZnI2GF1VKDmlcO+hqAO5PMdPsT3gZ1ItzoVddqzc\n-----END RSA PRIVATE KEY-----\n",
      "type": "string"
    },
    "vm_public_ip_address": {
      "value": "40.121.52.62",
      "type": "string"
    }
  },
  "resources": [
    {
      "mode": "managed",
      "type": "azurerm_linux_virtual_machine",
      "name": "myterraformvm",
      "provider": "provider[\"registry.terraform.io/hashicorp/azurerm\"]",
      "instances": [
        {
          "schema_version": 0,
          "attributes": {
            "additional_capabilities": [],
            "admin_password": null,
            "admin_ssh_key": [
              {
                "public_key": "ssh-rsa AAAAB3NzaC1yc2EAAAADAQABAAABAQC7zh4W79yptJRvaaGQ3HeN3m3i7bV7dydnrsXDVJVO/HeZsuiqYDGhcm5/Mjr/D+d5OI4PD4kQswvpMch5S1W+2pU+Xgo1MJLli3Nf4M8IHbsddzZODYCiiAlNLQt0Rd69jZ8g9Bl/b6Me2qVb6cBgR8EYk+9Refx9LuHL5c5RziUWZFvM86unWNLKA89sqFmgltwr9gmjntZkSFPCm8fx8gtewdPxAg2uRXeuXPM6ZbimZanCUddTPICeFyirVlEqANs3bj+WnQo1NZXIb+Pgt+4hAPLqkLPh1uMl11Q6ID4/FePyCH2dewVoqfUTsDuV1o6O76QWW1fCCFK79xst a248042@LAPTOP-4J86JMFF\n",
                "username": "a248042"
              }
            ],
            "admin_username": "a248042",
            "allow_extension_operations": true,
            "availability_set_id": "",
            "boot_diagnostics": [
              {
                "storage_account_uri": "https://diagd86d46354389f34c.blob.core.windows.net/"
              }
            ],
            "computer_name": "mikevm",
            "custom_data": null,
            "dedicated_host_id": "",
            "disable_password_authentication": true,
            "encryption_at_host_enabled": false,
            "eviction_policy": "",
            "id": "/subscriptions/c301eaf8-a147-46df-971a-91a45e3d9ca5/resourceGroups/myResourceGroup/providers/Microsoft.Compute/virtualMachines/myVM",
            "identity": [],
            "location": "eastus",
            "max_bid_price": -1,
            "name": "myVM",
            "network_interface_ids": [
              "/subscriptions/c301eaf8-a147-46df-971a-91a45e3d9ca5/resourceGroups/myResourceGroup/providers/Microsoft.Network/networkInterfaces/myNIC"
            ],
            "os_disk": [
              {
                "caching": "ReadWrite",
                "diff_disk_settings": [],
                "disk_encryption_set_id": "",
                "disk_size_gb": 30,
                "name": "myOsDisk",
                "storage_account_type": "Premium_LRS",
                "write_accelerator_enabled": false
              }
            ],
            "plan": [],
            "priority": "Regular",
            "private_ip_address": "10.0.1.4",
            "private_ip_addresses": [
              "10.0.1.4"
            ],
            "provision_vm_agent": true,
            "proximity_placement_group_id": "",
            "public_ip_address": "40.121.52.62",
            "public_ip_addresses": [
              "40.121.52.62"
            ],
            "resource_group_name": "myResourceGroup",
            "secret": [],
            "size": "Standard_DS1_v2",
            "source_image_id": "",
            "source_image_reference": [
              {
                "offer": "UbuntuServer",
                "publisher": "Canonical",
                "sku": "18.04-LTS",
                "version": "latest"
              }
            ],
            "tags": {
              "environment": "Terraform Demo"
            },
            "timeouts": null,
            "virtual_machine_id": "08867881-8489-4c31-aa91-3364c4b488c0",
            "virtual_machine_scale_set_id": "",
            "zone": ""
          },
          "private": "eyJlMmJmYjczMC1lY2FhLTExZTYtOGY4OC0zNDM2M2JjN2M0YzAiOnsiY3JlYXRlIjoyNzAwMDAwMDAwMDAwLCJkZWxldGUiOjI3MDAwMDAwMDAwMDAsInJlYWQiOjMwMDAwMDAwMDAwMCwidXBkYXRlIjoyNzAwMDAwMDAwMDAwfX0=",
          "dependencies": [
            "azurerm_network_interface.myterraformnic",
            "azurerm_resource_group.myterraformgroup",
            "azurerm_storage_account.mystorageaccount"
          ]
        }
      ]
    },
    {
      "mode": "managed",
      "type": "azurerm_network_interface",
      "name": "myterraformnic",
      "provider": "provider[\"registry.terraform.io/hashicorp/azurerm\"]",
      "instances": [
        {
          "schema_version": 0,
          "attributes": {
            "applied_dns_servers": [],
            "dns_servers": [],
            "enable_accelerated_networking": false,
            "enable_ip_forwarding": false,
            "id": "/subscriptions/c301eaf8-a147-46df-971a-91a45e3d9ca5/resourceGroups/myResourceGroup/providers/Microsoft.Network/networkInterfaces/myNIC",
            "internal_dns_name_label": "",
            "internal_domain_name_suffix": "hepekulaqdfe1jn4pbdy3vac1c.bx.internal.cloudapp.net",
            "ip_configuration": [
              {
                "name": "myNicConfiguration",
                "primary": true,
                "private_ip_address": "10.0.1.4",
                "private_ip_address_allocation": "Dynamic",
                "private_ip_address_version": "IPv4",
                "public_ip_address_id": "/subscriptions/c301eaf8-a147-46df-971a-91a45e3d9ca5/resourceGroups/myResourceGroup/providers/Microsoft.Network/publicIPAddresses/myPublicIP",
                "subnet_id": "/subscriptions/c301eaf8-a147-46df-971a-91a45e3d9ca5/resourceGroups/myResourceGroup/providers/Microsoft.Network/virtualNetworks/myVnet/subnets/mySubnet"
              }
            ],
            "location": "eastus",
            "mac_address": "00-0D-3A-8B-41-66",
            "name": "myNIC",
            "private_ip_address": "10.0.1.4",
            "private_ip_addresses": [
              "10.0.1.4"
            ],
            "resource_group_name": "myResourceGroup",
            "tags": {
              "environment": "Terraform Demo"
            },
            "timeouts": null,
            "virtual_machine_id": "/subscriptions/c301eaf8-a147-46df-971a-91a45e3d9ca5/resourceGroups/myResourceGroup/providers/Microsoft.Compute/virtualMachines/myVM"
          },
          "private": "eyJlMmJmYjczMC1lY2FhLTExZTYtOGY4OC0zNDM2M2JjN2M0YzAiOnsiY3JlYXRlIjoxODAwMDAwMDAwMDAwLCJkZWxldGUiOjE4MDAwMDAwMDAwMDAsInJlYWQiOjMwMDAwMDAwMDAwMCwidXBkYXRlIjoxODAwMDAwMDAwMDAwfX0=",
          "dependencies": [
            "azurerm_public_ip.myterraformpublicip",
            "azurerm_resource_group.myterraformgroup",
            "azurerm_subnet.myterraformsubnet",
            "azurerm_virtual_network.myterraformnetwork"
          ]
        }
      ]
    },
    {
      "mode": "managed",
      "type": "azurerm_network_interface_security_group_association",
      "name": "example",
      "provider": "provider[\"registry.terraform.io/hashicorp/azurerm\"]",
      "instances": [
        {
          "schema_version": 0,
          "attributes": {
            "id": "/subscriptions/c301eaf8-a147-46df-971a-91a45e3d9ca5/resourceGroups/myResourceGroup/providers/Microsoft.Network/networkInterfaces/myNIC|/subscriptions/c301eaf8-a147-46df-971a-91a45e3d9ca5/resourceGroups/myResourceGroup/providers/Microsoft.Network/networkSecurityGroups/myNetworkSecurityGroup",
            "network_interface_id": "/subscriptions/c301eaf8-a147-46df-971a-91a45e3d9ca5/resourceGroups/myResourceGroup/providers/Microsoft.Network/networkInterfaces/myNIC",
            "network_security_group_id": "/subscriptions/c301eaf8-a147-46df-971a-91a45e3d9ca5/resourceGroups/myResourceGroup/providers/Microsoft.Network/networkSecurityGroups/myNetworkSecurityGroup",
            "timeouts": null
          },
          "private": "eyJlMmJmYjczMC1lY2FhLTExZTYtOGY4OC0zNDM2M2JjN2M0YzAiOnsiY3JlYXRlIjoxODAwMDAwMDAwMDAwLCJkZWxldGUiOjE4MDAwMDAwMDAwMDAsInJlYWQiOjMwMDAwMDAwMDAwMCwidXBkYXRlIjoxODAwMDAwMDAwMDAwfX0=",
          "dependencies": [
            "azurerm_network_interface.myterraformnic",
            "azurerm_network_security_group.myterraformnsg",
            "azurerm_public_ip.myterraformpublicip",
            "azurerm_resource_group.myterraformgroup",
            "azurerm_subnet.myterraformsubnet",
            "azurerm_virtual_network.myterraformnetwork"
          ]
        }
      ]
    },
    {
      "mode": "managed",
      "type": "azurerm_network_security_group",
      "name": "myterraformnsg",
      "provider": "provider[\"registry.terraform.io/hashicorp/azurerm\"]",
      "instances": [
        {
          "schema_version": 0,
          "attributes": {
            "id": "/subscriptions/c301eaf8-a147-46df-971a-91a45e3d9ca5/resourceGroups/myResourceGroup/providers/Microsoft.Network/networkSecurityGroups/myNetworkSecurityGroup",
            "location": "eastus",
            "name": "myNetworkSecurityGroup",
            "resource_group_name": "myResourceGroup",
            "security_rule": [
              {
                "access": "Allow",
                "description": "",
                "destination_address_prefix": "*",
                "destination_address_prefixes": [],
                "destination_application_security_group_ids": [],
                "destination_port_range": "22",
                "destination_port_ranges": [],
                "direction": "Inbound",
                "name": "SSH",
                "priority": 1001,
                "protocol": "Tcp",
                "source_address_prefix": "*",
                "source_address_prefixes": [],
                "source_application_security_group_ids": [],
                "source_port_range": "*",
                "source_port_ranges": []
              }
            ],
            "tags": {
              "environment": "Terraform Demo"
            },
            "timeouts": null
          },
          "private": "eyJlMmJmYjczMC1lY2FhLTExZTYtOGY4OC0zNDM2M2JjN2M0YzAiOnsiY3JlYXRlIjoxODAwMDAwMDAwMDAwLCJkZWxldGUiOjE4MDAwMDAwMDAwMDAsInJlYWQiOjMwMDAwMDAwMDAwMCwidXBkYXRlIjoxODAwMDAwMDAwMDAwfX0=",
          "dependencies": [
            "azurerm_resource_group.myterraformgroup"
          ]
        }
      ]
    },
    {
      "mode": "managed",
      "type": "azurerm_public_ip",
      "name": "myterraformpublicip",
      "provider": "provider[\"registry.terraform.io/hashicorp/azurerm\"]",
      "instances": [
        {
          "schema_version": 0,
          "attributes": {
            "allocation_method": "Dynamic",
            "domain_name_label": null,
            "fqdn": null,
            "id": "/subscriptions/c301eaf8-a147-46df-971a-91a45e3d9ca5/resourceGroups/myResourceGroup/providers/Microsoft.Network/publicIPAddresses/myPublicIP",
            "idle_timeout_in_minutes": 4,
            "ip_address": "40.121.52.62",
            "ip_version": "IPv4",
            "location": "eastus",
            "name": "myPublicIP",
            "public_ip_prefix_id": null,
            "resource_group_name": "myResourceGroup",
            "reverse_fqdn": null,
            "sku": "Basic",
            "tags": {
              "environment": "Terraform Demo"
            },
            "timeouts": null,
            "zones": []
          },
          "private": "eyJlMmJmYjczMC1lY2FhLTExZTYtOGY4OC0zNDM2M2JjN2M0YzAiOnsiY3JlYXRlIjoxODAwMDAwMDAwMDAwLCJkZWxldGUiOjE4MDAwMDAwMDAwMDAsInJlYWQiOjMwMDAwMDAwMDAwMCwidXBkYXRlIjoxODAwMDAwMDAwMDAwfX0=",
          "dependencies": [
            "azurerm_resource_group.myterraformgroup"
          ]
        }
      ]
    },
    {
      "mode": "managed",
      "type": "azurerm_resource_group",
      "name": "myterraformgroup",
      "provider": "provider[\"registry.terraform.io/hashicorp/azurerm\"]",
      "instances": [
        {
          "schema_version": 0,
          "attributes": {
            "id": "/subscriptions/c301eaf8-a147-46df-971a-91a45e3d9ca5/resourceGroups/myResourceGroup",
            "location": "eastus",
            "name": "myResourceGroup",
            "tags": {
              "environment": "Terraform Demo"
            },
            "timeouts": null
          },
          "private": "eyJlMmJmYjczMC1lY2FhLTExZTYtOGY4OC0zNDM2M2JjN2M0YzAiOnsiY3JlYXRlIjo1NDAwMDAwMDAwMDAwLCJkZWxldGUiOjU0MDAwMDAwMDAwMDAsInJlYWQiOjMwMDAwMDAwMDAwMCwidXBkYXRlIjo1NDAwMDAwMDAwMDAwfX0="
        }
      ]
    },
    {
      "mode": "managed",
      "type": "azurerm_storage_account",
      "name": "mystorageaccount",
      "provider": "provider[\"registry.terraform.io/hashicorp/azurerm\"]",
      "instances": [
        {
          "schema_version": 2,
          "attributes": {
            "access_tier": "Hot",
            "account_kind": "StorageV2",
            "account_replication_type": "LRS",
            "account_tier": "Standard",
            "allow_blob_public_access": false,
            "blob_properties": [],
            "custom_domain": [],
            "enable_https_traffic_only": true,
            "id": "/subscriptions/c301eaf8-a147-46df-971a-91a45e3d9ca5/resourceGroups/myResourceGroup/providers/Microsoft.Storage/storageAccounts/diagd86d46354389f34c",
            "identity": [],
            "is_hns_enabled": false,
            "location": "eastus",
            "min_tls_version": "TLS1_0",
            "name": "diagd86d46354389f34c",
            "network_rules": [
              {
                "bypass": [
                  "AzureServices"
                ],
                "default_action": "Allow",
                "ip_rules": [],
                "virtual_network_subnet_ids": []
              }
            ],
            "primary_access_key": "gIu3ZgZCe2VQGCBOzRcfZSGDJcD9PMnMoBCz/e8mIvGiAtFuWh0vHKUDyjBiDKr3p+YaFnaDm5UV4zp5nmGHAg==",
            "primary_blob_connection_string": "DefaultEndpointsProtocol=https;BlobEndpoint=https://diagd86d46354389f34c.blob.core.windows.net/;AccountName=diagd86d46354389f34c;AccountKey=gIu3ZgZCe2VQGCBOzRcfZSGDJcD9PMnMoBCz/e8mIvGiAtFuWh0vHKUDyjBiDKr3p+YaFnaDm5UV4zp5nmGHAg==",
            "primary_blob_endpoint": "https://diagd86d46354389f34c.blob.core.windows.net/",
            "primary_blob_host": "diagd86d46354389f34c.blob.core.windows.net",
            "primary_connection_string": "DefaultEndpointsProtocol=https;AccountName=diagd86d46354389f34c;AccountKey=gIu3ZgZCe2VQGCBOzRcfZSGDJcD9PMnMoBCz/e8mIvGiAtFuWh0vHKUDyjBiDKr3p+YaFnaDm5UV4zp5nmGHAg==;EndpointSuffix=core.windows.net",
            "primary_dfs_endpoint": "https://diagd86d46354389f34c.dfs.core.windows.net/",
            "primary_dfs_host": "diagd86d46354389f34c.dfs.core.windows.net",
            "primary_file_endpoint": "https://diagd86d46354389f34c.file.core.windows.net/",
            "primary_file_host": "diagd86d46354389f34c.file.core.windows.net",
            "primary_location": "eastus",
            "primary_queue_endpoint": "https://diagd86d46354389f34c.queue.core.windows.net/",
            "primary_queue_host": "diagd86d46354389f34c.queue.core.windows.net",
            "primary_table_endpoint": "https://diagd86d46354389f34c.table.core.windows.net/",
            "primary_table_host": "diagd86d46354389f34c.table.core.windows.net",
            "primary_web_endpoint": "https://diagd86d46354389f34c.z13.web.core.windows.net/",
            "primary_web_host": "diagd86d46354389f34c.z13.web.core.windows.net",
            "queue_properties": [
              {
                "cors_rule": [],
                "hour_metrics": [
                  {
                    "enabled": true,
                    "include_apis": true,
                    "retention_policy_days": 7,
                    "version": "1.0"
                  }
                ],
                "logging": [
                  {
                    "delete": false,
                    "read": false,
                    "retention_policy_days": 0,
                    "version": "1.0",
                    "write": false
                  }
                ],
                "minute_metrics": [
                  {
                    "enabled": false,
                    "include_apis": false,
                    "retention_policy_days": 0,
                    "version": "1.0"
                  }
                ]
              }
            ],
            "resource_group_name": "myResourceGroup",
            "secondary_access_key": "DA4xNep7Ob1vLEpZ21mXnMMZM/pKuH7/gHDiSxLAb574pHbzyUhyEoq4dw255XCNkiTOQC+jddxGz7CC1JUKoA==",
            "secondary_blob_connection_string": "",
            "secondary_blob_endpoint": null,
            "secondary_blob_host": null,
            "secondary_connection_string": "DefaultEndpointsProtocol=https;AccountName=diagd86d46354389f34c;AccountKey=DA4xNep7Ob1vLEpZ21mXnMMZM/pKuH7/gHDiSxLAb574pHbzyUhyEoq4dw255XCNkiTOQC+jddxGz7CC1JUKoA==;EndpointSuffix=core.windows.net",
            "secondary_dfs_endpoint": null,
            "secondary_dfs_host": null,
            "secondary_file_endpoint": null,
            "secondary_file_host": null,
            "secondary_location": "",
            "secondary_queue_endpoint": null,
            "secondary_queue_host": null,
            "secondary_table_endpoint": null,
            "secondary_table_host": null,
            "secondary_web_endpoint": null,
            "secondary_web_host": null,
            "static_website": [],
            "tags": {
              "environment": "Terraform Demo"
            },
            "timeouts": null
          },
          "private": "eyJlMmJmYjczMC1lY2FhLTExZTYtOGY4OC0zNDM2M2JjN2M0YzAiOnsiY3JlYXRlIjozNjAwMDAwMDAwMDAwLCJkZWxldGUiOjM2MDAwMDAwMDAwMDAsInJlYWQiOjMwMDAwMDAwMDAwMCwidXBkYXRlIjozNjAwMDAwMDAwMDAwfSwic2NoZW1hX3ZlcnNpb24iOiIyIn0=",
          "dependencies": [
            "azurerm_resource_group.myterraformgroup",
            "random_id.randomId"
          ]
        }
      ]
    },
    {
      "mode": "managed",
      "type": "azurerm_subnet",
      "name": "myterraformsubnet",
      "provider": "provider[\"registry.terraform.io/hashicorp/azurerm\"]",
      "instances": [
        {
          "schema_version": 0,
          "attributes": {
            "address_prefix": "10.0.1.0/24",
            "address_prefixes": [
              "10.0.1.0/24"
            ],
            "delegation": [],
            "enforce_private_link_endpoint_network_policies": false,
            "enforce_private_link_service_network_policies": false,
            "id": "/subscriptions/c301eaf8-a147-46df-971a-91a45e3d9ca5/resourceGroups/myResourceGroup/providers/Microsoft.Network/virtualNetworks/myVnet/subnets/mySubnet",
            "name": "mySubnet",
            "resource_group_name": "myResourceGroup",
            "service_endpoints": [],
            "timeouts": null,
            "virtual_network_name": "myVnet"
          },
          "private": "eyJlMmJmYjczMC1lY2FhLTExZTYtOGY4OC0zNDM2M2JjN2M0YzAiOnsiY3JlYXRlIjoxODAwMDAwMDAwMDAwLCJkZWxldGUiOjE4MDAwMDAwMDAwMDAsInJlYWQiOjMwMDAwMDAwMDAwMCwidXBkYXRlIjoxODAwMDAwMDAwMDAwfX0=",
          "dependencies": [
            "azurerm_resource_group.myterraformgroup",
            "azurerm_virtual_network.myterraformnetwork"
          ]
        }
      ]
    },
    {
      "mode": "managed",
      "type": "azurerm_virtual_network",
      "name": "myterraformnetwork",
      "provider": "provider[\"registry.terraform.io/hashicorp/azurerm\"]",
      "instances": [
        {
          "schema_version": 0,
          "attributes": {
            "address_space": [
              "10.0.0.0/16"
            ],
            "ddos_protection_plan": [],
            "dns_servers": [],
            "guid": "51451e39-8060-4dca-a5be-78478ed402da",
            "id": "/subscriptions/c301eaf8-a147-46df-971a-91a45e3d9ca5/resourceGroups/myResourceGroup/providers/Microsoft.Network/virtualNetworks/myVnet",
            "location": "eastus",
            "name": "myVnet",
            "resource_group_name": "myResourceGroup",
            "subnet": [
              {
                "address_prefix": "10.0.1.0/24",
                "id": "/subscriptions/c301eaf8-a147-46df-971a-91a45e3d9ca5/resourceGroups/myResourceGroup/providers/Microsoft.Network/virtualNetworks/myVnet/subnets/mySubnet",
                "name": "mySubnet",
                "security_group": ""
              }
            ],
            "tags": {
              "environment": "Terraform Demo"
            },
            "timeouts": null
          },
          "private": "eyJlMmJmYjczMC1lY2FhLTExZTYtOGY4OC0zNDM2M2JjN2M0YzAiOnsiY3JlYXRlIjoxODAwMDAwMDAwMDAwLCJkZWxldGUiOjE4MDAwMDAwMDAwMDAsInJlYWQiOjMwMDAwMDAwMDAwMCwidXBkYXRlIjoxODAwMDAwMDAwMDAwfX0=",
          "dependencies": [
            "azurerm_resource_group.myterraformgroup"
          ]
        }
      ]
    },
    {
      "mode": "managed",
      "type": "random_id",
      "name": "randomId",
      "provider": "provider[\"registry.terraform.io/hashicorp/random\"]",
      "instances": [
        {
          "schema_version": 0,
          "attributes": {
            "b64": "2G1GNUOJ80w",
            "b64_std": "2G1GNUOJ80w=",
            "b64_url": "2G1GNUOJ80w",
            "byte_length": 8,
            "dec": "15595198279234220876",
            "hex": "d86d46354389f34c",
            "id": "2G1GNUOJ80w",
            "keepers": {
              "resource_group": "myResourceGroup"
            },
            "prefix": null
          },
          "private": "bnVsbA==",
          "dependencies": [
            "azurerm_resource_group.myterraformgroup"
          ]
        }
      ]
    },
    {
      "mode": "managed",
      "type": "tls_private_key",
      "name": "example_ssh",
      "provider": "provider[\"registry.terraform.io/hashicorp/tls\"]",
      "instances": [
        {
          "schema_version": 0,
          "attributes": {
            "algorithm": "RSA",
            "ecdsa_curve": "P224",
            "id": "3be0864be6bbc422bd1327eae6dd4fd87fb0b00b",
            "private_key_pem": "-----BEGIN RSA PRIVATE KEY-----\nMIIJKQIBAAKCAgEA2Z3RsRSPSJ+TSG21DhH9MS1hFCW3fZzMu9mZ6M/LePMnxiZD\nuQLaTxc7GbQJ6CUi0bHiopRE+igQdQycwJ4HqGNapCGbqOzv7NM1O1OmhAZBJn7p\nA3km7D1YUO5UCCOEGy0KPHKhFnooF2qIpauXOu0fnRsiHDAsc8gVtJ0V2gS81RYb\ncJjVkF32bjcEc9nRZE7zoF5LqKo+4gJPU9C7+PqWLp0BkYpXLYSg3ChtWMsbYEAw\nEUM2IEKIzfVAjaSytXBqDekP5fdkAIJ8F05AfPED2iG+kiTiRMz7CbxhPMWpZThY\nWy3u8qW5L6JV4Ld204BQjkvXUR/Qs2e4Hd0wnEH75D+v4QLC5OFbKWJqJcoRUNNS\nml7zNXSfKUgVpOrB4lfU02O6tEwuMOB6LcPoztJLZyxkO1JNAA6U3ZdhifrsUcu5\nW4o4T177nr+OB35nqN8b/TC9IFZKYFc+hTEGcq+2BZUVRCn7qP5sT9r6T92dbbTk\nHKVbtHcgIsf5njZ/DjWvSZdghRkJ7TOOPAm8soUHh7QQy5dP+arGhsUz7/LtZesf\nwZ/pZL73X8MoxZHIPI+m1NnfSpUWRuE7eZD0o37uMVHf8G16q2kZsXNby8pZavA7\ndAlJrUlkVycOXBqeaEcPLfGg3PgdIjzrpeKWDDEtwyjAWMUp5gc8gf/YEUMCAwEA\nAQKCAgEAgb4PA/WPC6xgIkGOPapJ+yTkCSAHivOOOL0efuhMlnraDtBHdimWQKtI\nCCYH9gkV/lGBHo8ppL94OGDhoBFX3XQG2W5UIN3Kmba+uPVBhNs5wprNj82OgDB+\n1BmTrhqGq7EptipdkkoYVwWkHKn2CyLOw1sm9glep1T2Y+131rkWYDDDAVmNknoC\n72kL1YpaxeQwaj9t+kwuG49m/kCnoWS9X2MqSTxih3fYdAoCT3sggj0iq1gYEBm6\n+Jgs+YXlKjmwcUSvvtrFG2ywUTDNT/Bd7JJLzVQCNyTC0uYmTxZFzVxPiWUUXkSh\n6R1u+ABJ7wVEgeIDqJFAW4YOBngWfykUy3aT64YEqMNgL8LZHF9d61XylnAeHUaM\nwZFzejGB5YOSA37u8cC6f06lfD/jwlHlDc8r4kp5GrHWbTpmXqSLZZBHrOw2Ky6b\nIDWuHwksEvXcRUgAFy2GMAjMe0fd1Uiq5kP4DWJZdKH4ki6xl0F3he/SvKxw3pgm\nXYldWihQNXa7GX4bLNqNjriKAE1vVey0r3FTFkcpkguuJUPVm6bXl4PLBNyui5H4\nQiwDvDAhjOn9XOVd2gKOwXDBoXzdqrN1JS0s2PbMYIhTbj9cT3/Y3H2emuwkiMgc\n2zufP+J3ua4Ty8GW85nM6PFofgaHZVwlIwH1KaoFXA8l3vTIfmkCggEBAPllBe5h\nm9tjOrAB4xcJnk4H0R2D+LT3awMqdfn4EbUN2Iw0RiCvXk37WfTmK0nuUFbfGkpB\nqLftvNmRj9XL6kaobV2a6cEgjOi809qD06uySzQnUXzOUExBkORayjfEcK1vR8kY\nDjTv/uC9XJZq0zkZYcXx6IAJuVXLCs88hOBJqsSV5eipr0lR6pkRvXsJiehO1+s3\nQWkDgJjmyN2XDAsPhSzH+aK3beDRIXfoomlY0tBHAN01VfSIeUz+tf3WDrKBFjas\nhLfr3mpH4oeUVvf1n5Qa9sA6Gxh2fqYDJdwhE4WyrcDCOw4fKN6a81scDiacDRT2\nrprVdBU0Mo/Jte0CggEBAN9hVGzXMkPn31dPdzDKYRnIqEKougGJ6SQIVrnuqowq\n1FsGF34w/3i1tKqQzMnK/errd4ccw8QDVSPM6PG12iCh4l//hmenPFqRfAm8CnWb\nKgosDxy1GlbuUvvMyrcn1Q9b8Y6mEan4FnX+in7hQRD+/T3skol2J0htb47yZQ78\n10qzo0r9p3+MPExe3IcQEWK6I+O/hmfFvwCkMvXEAhLxhkeevWjnnMbQF5+KYaZ3\n1PcBEc/YK3afqdKDGlgPZ0nlGUGsUHm8vyPj3jHY7lZ3Slnb/jAbwgqhIMLcQ7/R\nofNL3DPQN5lV6iBzLUcbxxMJltgUaRq5JXZmVBks/e8CggEAGbtssz3rAOXqJkLr\nlXLunIp97xewz6s/pWH6LkKEQTQehcjW+4RcrJskmvosuUIXk/8NDWBc8i1bcO9t\n8ddKYuP59NCJEd4z68ef7EnxyyNoUwdDhycabePN+WHMv5hLL/ntZDhRLvEcUT/4\nj6SSCrAtwGjHXn6iWtHKWbua0jGHpyT4RdtMNLp5BDYqYMmJKykHakOXQiiUWjJl\nw0dUfMerLAWuIjXe5nVtiJu+NjRt/AN3eVuJdOOn8GPPj1NIzO44xodiYj+6ASlN\nnEOX/ZmgT33Au/DC3vFK/AITI/VduEvJVbw0r65TXzSJq3rnkuBDEUiql1sy0QVD\nukZLuQKCAQAqXR4SyjkpMbdkqphzM1548loe0jr8gbgqcj5oYsALdy/w11XrQ8Wf\nke5ijrWX65x+SgvQHv9tlCg4cusWtCNbHvh8tkw6KjhDAOZiPjxJk5TEexienCYT\nqH0qbetgEvjQQeKs6AffkUJJPG3tpDCf1YwXi187HKJUlRScKpJJ5l+6NhlY5oQ2\np1TkMvVl1AFIFP8reS43TgRsTbewbmzqRM3vlUZct9g+yEZCpo7gcEd+VMCZB2ku\nxRcC6oQ7gShYlk9U6iYVAFvLpbKFB5wj39nE8vjhDNKfC3HYIsfigBJTvuZTGUEC\nHo4Ze15x5u25SY9HCY/pVoWpT7zRTXwXAoIBAQDEF7vRt6h7ExuN/0rs8C7BQzwT\nLyhy5E0ZLi6tfjywa3fk1thB9bIZEANJHEOXyA+XtX0BWA9+WgdhoPwtC+aBXK5/\neCS4WMSGMFwmPdOo+8guTY1oYdYH7SnvapnuCqwzwq8tvLdwTvmXzHx5d4Vv2wJG\nNlJlwutbmNLAsp0nv0H6NgCe0w++MAnxqdyVq2Shc/yZE+daDcJvSGYZYMipLQU7\nV85eA7/u5/Ze4Cucr/3Tm3jEI1rDPqMkAC58fQ6x1xIFdS8Cr7GOyNr57azqSjfi\n6iUrpO3hGKQjEaY/RqILZnI2GF1VKDmlcO+hqAO5PMdPsT3gZ1ItzoVddqzc\n-----END RSA PRIVATE KEY-----\n",
            "public_key_fingerprint_md5": "c7:22:e4:74:52:f8:88:4b:55:63:58:5d:ed:e8:09:8e",
            "public_key_openssh": "ssh-rsa AAAAB3NzaC1yc2EAAAADAQABAAACAQDZndGxFI9In5NIbbUOEf0xLWEUJbd9nMy72Znoz8t48yfGJkO5AtpPFzsZtAnoJSLRseKilET6KBB1DJzAngeoY1qkIZuo7O/s0zU7U6aEBkEmfukDeSbsPVhQ7lQII4QbLQo8cqEWeigXaoilq5c67R+dGyIcMCxzyBW0nRXaBLzVFhtwmNWQXfZuNwRz2dFkTvOgXkuoqj7iAk9T0Lv4+pYunQGRilcthKDcKG1YyxtgQDARQzYgQojN9UCNpLK1cGoN6Q/l92QAgnwXTkB88QPaIb6SJOJEzPsJvGE8xallOFhbLe7ypbkvolXgt3bTgFCOS9dRH9CzZ7gd3TCcQfvkP6/hAsLk4VspYmolyhFQ01KaXvM1dJ8pSBWk6sHiV9TTY7q0TC4w4Hotw+jO0ktnLGQ7Uk0ADpTdl2GJ+uxRy7lbijhPXvuev44Hfmeo3xv9ML0gVkpgVz6FMQZyr7YFlRVEKfuo/mxP2vpP3Z1ttOQcpVu0dyAix/meNn8ONa9Jl2CFGQntM448CbyyhQeHtBDLl0/5qsaGxTPv8u1l6x/Bn+lkvvdfwyjFkcg8j6bU2d9KlRZG4Tt5kPSjfu4xUd/wbXqraRmxc1vLyllq8Dt0CUmtSWRXJw5cGp5oRw8t8aDc+B0iPOul4pYMMS3DKMBYxSnmBzyB/9gRQw==\n",
            "public_key_pem": "-----BEGIN PUBLIC KEY-----\nMIICIjANBgkqhkiG9w0BAQEFAAOCAg8AMIICCgKCAgEA2Z3RsRSPSJ+TSG21DhH9\nMS1hFCW3fZzMu9mZ6M/LePMnxiZDuQLaTxc7GbQJ6CUi0bHiopRE+igQdQycwJ4H\nqGNapCGbqOzv7NM1O1OmhAZBJn7pA3km7D1YUO5UCCOEGy0KPHKhFnooF2qIpauX\nOu0fnRsiHDAsc8gVtJ0V2gS81RYbcJjVkF32bjcEc9nRZE7zoF5LqKo+4gJPU9C7\n+PqWLp0BkYpXLYSg3ChtWMsbYEAwEUM2IEKIzfVAjaSytXBqDekP5fdkAIJ8F05A\nfPED2iG+kiTiRMz7CbxhPMWpZThYWy3u8qW5L6JV4Ld204BQjkvXUR/Qs2e4Hd0w\nnEH75D+v4QLC5OFbKWJqJcoRUNNSml7zNXSfKUgVpOrB4lfU02O6tEwuMOB6LcPo\nztJLZyxkO1JNAA6U3ZdhifrsUcu5W4o4T177nr+OB35nqN8b/TC9IFZKYFc+hTEG\ncq+2BZUVRCn7qP5sT9r6T92dbbTkHKVbtHcgIsf5njZ/DjWvSZdghRkJ7TOOPAm8\nsoUHh7QQy5dP+arGhsUz7/LtZesfwZ/pZL73X8MoxZHIPI+m1NnfSpUWRuE7eZD0\no37uMVHf8G16q2kZsXNby8pZavA7dAlJrUlkVycOXBqeaEcPLfGg3PgdIjzrpeKW\nDDEtwyjAWMUp5gc8gf/YEUMCAwEAAQ==\n-----END PUBLIC KEY-----\n",
            "rsa_bits": 4096
          },
          "private": "bnVsbA=="
        }
      ]
    }
  ]
}
