{
  "version": 4,
  "terraform_version": "0.13.4",
  "serial": 60,
  "lineage": "5417f99f-5419-2122-e18c-ed871b2ead58",
  "outputs": {
    "tls_private_key": {
      "value": "-----BEGIN RSA PRIVATE KEY-----\nMIIJKAIBAAKCAgEAvnUrdvDLhEsP2IfAdLDioZ7oq4pUTF7BXuq3xKjxmkrfRhmV\nmeST7UEe3jGpDneS209UV6u0c6sinMAH0vwFRsOqiazA/GMTFlJXxo+qVLm4CdJ8\njnE5N1AxY/EyfGmecRhd+31s0fY7wnOT8sr3s0bswcAqrVdcWxcmoy9tsiUaTACs\nOo6f1zku9XG18FvJrr48CwqyNBWVxRKD3rm0KekXxKtYV3+ae7wDzrVPz2R0p03a\n+qtalZ48c0OQG76cpQ/nvuNMD9dZeGTO662hto8lUvheVrbJSoZfKd8UWc3bzI06\nRXSt8WynCwQxOYLNMPW7tga/5RAWGZKB3kct9gIkdPFBEKFROB0KuvUQcqDmYxEf\ncxIAH2pzW96ly9JteVtmffoagSyNfQGXpN1yUBx/sx+WOHkhvzrS3LcidEOoVs8E\nZBxhbWb7PrBq0MWb6b3fTxO2BQsWXppDeCtyZdyaRMNxpLyXfKereCVhgUATF0Df\neNoc1VOhBFQepu96DY+KgpdUkrDvw+Ubber2hRcxCA5E2DAiHF76CHN9vZhS+ef1\nIAECaxJJKr1A2iFEt9AM/3J831zgB11tNEp/o0qMvN6QWvrUTI3RSNULSixcNWeJ\nmc4HYjW0h7YwbRkgtR86o4eI7uM81Cs759yOi6pIK9AjjrV2OVU4WzkI2DcCAwEA\nAQKCAgAVKko5PosvWXQaWQOvNBULZvBuV8IEdqdAmA7yAOBQiC+Fx8QTRQ6XWBxJ\nDvW9kNY2Hvu9fmxgSk1fZAu6i50+fvINuK/9nDj7ywzMGR0Rq03jcYu7/KMiHXxP\nofc9UjN0WAPhtc+JCbccZeG0IpAiUShwY52ag9HUoZ7+lX+4Q11Hwu9g1oa20TkB\nt7BDVL/19lgP1hF1rkxliSg0cSivW6LzjSMVHi4ZwAwgRY/n+T7pdMJ4BuDbLamE\nGacDHkykHz9evD2wqPrdYT6JfFMzSXcZYFaDhm6aJJKgwZSuYi0h7zPhkhTedned\nxsp9nKaW4UgJ83gRyZbbIqfh/sEBm1eEK8AcA4BctvOexGL6PHyJphwI8W2Xt16l\nG69gxsrurALqTL8MYlcPRT82OrvxyHv+mog92otUBQcb9R2qzYIRy9c2D1d0jngh\nAWGAG4CDQyVipew6l1gju1i+ZT7KANPuw7rZ0GtjEbW+3RZ3JgKiD39jYMQcS0Fi\njQYbG8mcdDGKK3DjB7bpbi91xwnPCxjF0iCGbWhvWBssCig1FaH+nAsA4Y628xAw\n93+M/HyJauywKLLN/4rDFxZ2MHEQ0L6bAEKaM68QqBuapQmY6HpQtJvvsaZGeCrp\nYZPxKTBulwSnKjK94bsQV/cys1p6yDjPtLjot7153J6jAvHOEQKCAQEAxPkZPRUb\nz4Dh3xKPIUjmPTV8Ozmn/Xbvema+QbG3aBD3zPOgC1ivlY86SERBvq7+G100lpFe\nbsGMvuIhtyBOvAPMryFCHTEio7jcfLTD4v52YwMx8UikXC6Z6Q24iSdVOFMKiPoa\nKCFIJhDuk8V64B2rlH+efFinp+FiIyaX6ltd3o/US2+ivPfeHETgn9OuAaHCSjfx\nvLwTJGgXEIb0rJl5/Bof8eeQ2QWzZNE2sHAIempIPlwdrT0XAzS6ZEWtdtGTCNQp\nuM6+RrARShdKpvdrdZCLrxuVmNBFYmxPXUVDB13Vq/1FpTDmMmA/UhDLSrZqC1fu\nvllWTja9P05/3wKCAQEA94g+GQsZWr8SChNjMFben/tYazE5XaE5mvkFJ4i/33UY\nUXoz0Rz1f/RBqJzDrhmYpD18lVy2ytFKjLPZv6lKFH6jA6BHw5c3QcbHPcgQt225\nhupkX5fbO3smrJ+qZ03wSB3DrZkOPl8YGfOok8b4Z0cShwdrSSaq5hMEWhJhsobC\nC/LUXW6sy3EpRRAzJoYjFSTyE4xe+9JpzYz7SZOnAZ7Y4rHggmmJR72T1AGrziL3\n1V5GZH8BXcedFiZvLo6O4NzPrdF6L0/1BCi/clbgwwohMOeTJO7RabMHgONEvv/5\ngv4DyJFRR5MCf7X9KeRHv3BL2w8iGq2dZCMg2t9SqQKCAQAcVUSHH8kvUPeskcva\n2tSbi10CW+nJMNmDvtGxO3IJWx958LVdzHT9S2vzxzW5ywwsPXz6B5EQ13B6aKa2\n48PPkbBYpK0Q6+dyq32zxoDC3x2CYoxFi9BwnhdviZS4zdqZToCecXNfwGHTb+4R\nfX+OS1ZJ9w2CD3KWWHo4Wi3R/TCEeiXsb/N1wSXG5TV2aAmInI8JBAEWx+rs+rgO\nnYsGZNFCLTPZJRkVzpcecmWufX8KtM0Ng0yVhcsQn/4LvGYWSFEhHPufZMXD/0GN\nacpIOCDR+WfOWWZsY9EHNlM4NGVO4vWAVt80wtLp/iQ9lsLXTWP1m8FwygL7Hy6b\ns5v7AoIBAQC17/QEoD3Qj2QI99sN6qvTVwDUOOf7Q8d9es8pEcBF1GE9cd6oMurX\nU4b3EdJaIwIopfDuL6lDRbXP2VmRIDMNAU98GNDmmDzLIfnMFUMEL6gP3DROduVy\nwL/aXbj4GTclKotrC3aGrYqfeJJNnA90ia66hN98culmFlA6jAw3FgmGksM4sWJc\nXh6BXrjZ9fnPTsqHR8OAwFV3+cmxeM9lx4WOikOEV2HJ0zPWviuzZcxXjeWbdCZi\n8ZcqcrGBvNKTwHj9P1zZbaGfnvuoZObrNITU10E2Ajr1v9siBum+oZKZj27kersN\nKqbJi9A6fEmoEjgPGP5uMXHf6ln5xe+RAoIBAG5Pxv4ZGqDcxcKeo1VaPB5+vrId\nKhi1UpnQnG9mW1nC90GFG8tEMx8dOJmgI9otp4tr7hSzpnDYkss+ROd+qQezBXBW\nWhDI2Figsp2bK3s+VKz3Swh8WX3eccGow8kokQeGUogoWQScQvclO6WDB9ub9nOe\n6gzi8lBCw/18kQWJFYPmowOXrDm47hcs3GYJQmJe/jujz99CBTFMeKoWUHpBA3yI\n/gqFDkKM0TMYWTNPGnDSlaTeC4j/h8/ZFpryaZnNfDo12oYO/M0xhlJdy/gzCWT6\nJ3GbJ0oabu3eEbPuif/0Zi10AGQ29PXUn5msRfAqYR1leOUFmjbpceIBGmw=\n-----END RSA PRIVATE KEY-----\n",
      "type": "string"
    }
  },
  "resources": [
    {
      "mode": "managed",
      "type": "azurerm_linux_virtual_machine",
      "name": "myterraformvm",
      "provider": "provider[\"registry.terraform.io/hashicorp/azurerm\"]",
      "instances": [
        {
          "schema_version": 0,
          "attributes": {
            "additional_capabilities": [],
            "admin_password": null,
            "admin_ssh_key": [
              {
                "public_key": "ssh-rsa AAAAB3NzaC1yc2EAAAADAQABAAACAQC+dSt28MuESw/Yh8B0sOKhnuirilRMXsFe6rfEqPGaSt9GGZWZ5JPtQR7eMakOd5LbT1RXq7RzqyKcwAfS/AVGw6qJrMD8YxMWUlfGj6pUubgJ0nyOcTk3UDFj8TJ8aZ5xGF37fWzR9jvCc5PyyvezRuzBwCqtV1xbFyajL22yJRpMAKw6jp/XOS71cbXwW8muvjwLCrI0FZXFEoPeubQp6RfEq1hXf5p7vAPOtU/PZHSnTdr6q1qVnjxzQ5AbvpylD+e+40wP11l4ZM7rraG2jyVS+F5WtslKhl8p3xRZzdvMjTpFdK3xbKcLBDE5gs0w9bu2Br/lEBYZkoHeRy32AiR08UEQoVE4HQq69RByoOZjER9zEgAfanNb3qXL0m15W2Z9+hqBLI19AZek3XJQHH+zH5Y4eSG/OtLctyJ0Q6hWzwRkHGFtZvs+sGrQxZvpvd9PE7YFCxZemkN4K3Jl3JpEw3GkvJd8p6t4JWGBQBMXQN942hzVU6EEVB6m73oNj4qCl1SSsO/D5Rtt6vaFFzEIDkTYMCIcXvoIc329mFL55/UgAQJrEkkqvUDaIUS30Az/cnzfXOAHXW00Sn+jSoy83pBa+tRMjdFI1QtKLFw1Z4mZzgdiNbSHtjBtGSC1Hzqjh4ju4zzUKzvn3I6Lqkgr0COOtXY5VThbOQjYNw==\n",
                "username": "a248042"
              }
            ],
            "admin_username": "a248042",
            "allow_extension_operations": true,
            "availability_set_id": "",
            "boot_diagnostics": [
              {
                "storage_account_uri": "https://diag859266656c9ac647.blob.core.windows.net/"
              }
            ],
            "computer_name": "mikevm",
            "custom_data": null,
            "dedicated_host_id": "",
            "disable_password_authentication": true,
            "encryption_at_host_enabled": false,
            "eviction_policy": "",
            "id": "/subscriptions/c301eaf8-a147-46df-971a-91a45e3d9ca5/resourceGroups/myResourceGroup/providers/Microsoft.Compute/virtualMachines/myVM",
            "identity": [],
            "location": "eastus",
            "max_bid_price": -1,
            "name": "myVM",
            "network_interface_ids": [
              "/subscriptions/c301eaf8-a147-46df-971a-91a45e3d9ca5/resourceGroups/myResourceGroup/providers/Microsoft.Network/networkInterfaces/myNIC"
            ],
            "os_disk": [
              {
                "caching": "ReadWrite",
                "diff_disk_settings": [],
                "disk_encryption_set_id": "",
                "disk_size_gb": 30,
                "name": "myOsDisk",
                "storage_account_type": "Premium_LRS",
                "write_accelerator_enabled": false
              }
            ],
            "plan": [],
            "priority": "Regular",
            "private_ip_address": "10.0.1.4",
            "private_ip_addresses": [
              "10.0.1.4"
            ],
            "provision_vm_agent": true,
            "proximity_placement_group_id": "",
            "public_ip_address": "13.92.182.28",
            "public_ip_addresses": [
              "13.92.182.28"
            ],
            "resource_group_name": "myResourceGroup",
            "secret": [],
            "size": "Standard_DS1_v2",
            "source_image_id": "",
            "source_image_reference": [
              {
                "offer": "UbuntuServer",
                "publisher": "Canonical",
                "sku": "18.04-LTS",
                "version": "latest"
              }
            ],
            "tags": {
              "environment": "Terraform Demo"
            },
            "timeouts": null,
            "virtual_machine_id": "8fd6877f-f1e6-4ab2-b7d5-aae71d2cc457",
            "virtual_machine_scale_set_id": "",
            "zone": ""
          },
          "private": "eyJlMmJmYjczMC1lY2FhLTExZTYtOGY4OC0zNDM2M2JjN2M0YzAiOnsiY3JlYXRlIjoyNzAwMDAwMDAwMDAwLCJkZWxldGUiOjI3MDAwMDAwMDAwMDAsInJlYWQiOjMwMDAwMDAwMDAwMCwidXBkYXRlIjoyNzAwMDAwMDAwMDAwfX0=",
          "dependencies": [
            "azurerm_network_interface.myterraformnic",
            "azurerm_public_ip.myterraformpublicip",
            "azurerm_resource_group.myterraformgroup",
            "azurerm_storage_account.mystorageaccount",
            "azurerm_subnet.myterraformsubnet",
            "azurerm_virtual_network.myterraformnetwork",
            "random_id.randomId",
            "tls_private_key.example_ssh"
          ]
        }
      ]
    },
    {
      "mode": "managed",
      "type": "azurerm_network_interface",
      "name": "myterraformnic",
      "provider": "provider[\"registry.terraform.io/hashicorp/azurerm\"]",
      "instances": [
        {
          "schema_version": 0,
          "attributes": {
            "applied_dns_servers": [],
            "dns_servers": [],
            "enable_accelerated_networking": false,
            "enable_ip_forwarding": false,
            "id": "/subscriptions/c301eaf8-a147-46df-971a-91a45e3d9ca5/resourceGroups/myResourceGroup/providers/Microsoft.Network/networkInterfaces/myNIC",
            "internal_dns_name_label": "",
            "internal_domain_name_suffix": "2efiwbhnjr5u1ow3g2edxnenna.bx.internal.cloudapp.net",
            "ip_configuration": [
              {
                "name": "myNicConfiguration",
                "primary": true,
                "private_ip_address": "10.0.1.4",
                "private_ip_address_allocation": "Dynamic",
                "private_ip_address_version": "IPv4",
                "public_ip_address_id": "/subscriptions/c301eaf8-a147-46df-971a-91a45e3d9ca5/resourceGroups/myResourceGroup/providers/Microsoft.Network/publicIPAddresses/myPublicIP",
                "subnet_id": "/subscriptions/c301eaf8-a147-46df-971a-91a45e3d9ca5/resourceGroups/myResourceGroup/providers/Microsoft.Network/virtualNetworks/myVnet/subnets/mySubnet"
              }
            ],
            "location": "eastus",
            "mac_address": "",
            "name": "myNIC",
            "private_ip_address": "10.0.1.4",
            "private_ip_addresses": [
              "10.0.1.4"
            ],
            "resource_group_name": "myResourceGroup",
            "tags": {
              "environment": "Terraform Demo"
            },
            "timeouts": null,
            "virtual_machine_id": ""
          },
          "private": "eyJlMmJmYjczMC1lY2FhLTExZTYtOGY4OC0zNDM2M2JjN2M0YzAiOnsiY3JlYXRlIjoxODAwMDAwMDAwMDAwLCJkZWxldGUiOjE4MDAwMDAwMDAwMDAsInJlYWQiOjMwMDAwMDAwMDAwMCwidXBkYXRlIjoxODAwMDAwMDAwMDAwfX0=",
          "dependencies": [
            "azurerm_public_ip.myterraformpublicip",
            "azurerm_resource_group.myterraformgroup",
            "azurerm_subnet.myterraformsubnet",
            "azurerm_virtual_network.myterraformnetwork"
          ]
        }
      ]
    },
    {
      "mode": "managed",
      "type": "azurerm_network_interface_security_group_association",
      "name": "example",
      "provider": "provider[\"registry.terraform.io/hashicorp/azurerm\"]",
      "instances": [
        {
          "schema_version": 0,
          "attributes": {
            "id": "/subscriptions/c301eaf8-a147-46df-971a-91a45e3d9ca5/resourceGroups/myResourceGroup/providers/Microsoft.Network/networkInterfaces/myNIC|/subscriptions/c301eaf8-a147-46df-971a-91a45e3d9ca5/resourceGroups/myResourceGroup/providers/Microsoft.Network/networkSecurityGroups/myNetworkSecurityGroup",
            "network_interface_id": "/subscriptions/c301eaf8-a147-46df-971a-91a45e3d9ca5/resourceGroups/myResourceGroup/providers/Microsoft.Network/networkInterfaces/myNIC",
            "network_security_group_id": "/subscriptions/c301eaf8-a147-46df-971a-91a45e3d9ca5/resourceGroups/myResourceGroup/providers/Microsoft.Network/networkSecurityGroups/myNetworkSecurityGroup",
            "timeouts": null
          },
          "private": "eyJlMmJmYjczMC1lY2FhLTExZTYtOGY4OC0zNDM2M2JjN2M0YzAiOnsiY3JlYXRlIjoxODAwMDAwMDAwMDAwLCJkZWxldGUiOjE4MDAwMDAwMDAwMDAsInJlYWQiOjMwMDAwMDAwMDAwMCwidXBkYXRlIjoxODAwMDAwMDAwMDAwfX0=",
          "dependencies": [
            "azurerm_network_interface.myterraformnic",
            "azurerm_network_security_group.myterraformnsg",
            "azurerm_public_ip.myterraformpublicip",
            "azurerm_resource_group.myterraformgroup",
            "azurerm_subnet.myterraformsubnet",
            "azurerm_virtual_network.myterraformnetwork"
          ]
        }
      ]
    },
    {
      "mode": "managed",
      "type": "azurerm_network_security_group",
      "name": "myterraformnsg",
      "provider": "provider[\"registry.terraform.io/hashicorp/azurerm\"]",
      "instances": [
        {
          "schema_version": 0,
          "attributes": {
            "id": "/subscriptions/c301eaf8-a147-46df-971a-91a45e3d9ca5/resourceGroups/myResourceGroup/providers/Microsoft.Network/networkSecurityGroups/myNetworkSecurityGroup",
            "location": "eastus",
            "name": "myNetworkSecurityGroup",
            "resource_group_name": "myResourceGroup",
            "security_rule": [
              {
                "access": "Allow",
                "description": "",
                "destination_address_prefix": "*",
                "destination_address_prefixes": [],
                "destination_application_security_group_ids": [],
                "destination_port_range": "22",
                "destination_port_ranges": [],
                "direction": "Inbound",
                "name": "SSH",
                "priority": 1001,
                "protocol": "Tcp",
                "source_address_prefix": "*",
                "source_address_prefixes": [],
                "source_application_security_group_ids": [],
                "source_port_range": "*",
                "source_port_ranges": []
              }
            ],
            "tags": {
              "environment": "Terraform Demo"
            },
            "timeouts": null
          },
          "private": "eyJlMmJmYjczMC1lY2FhLTExZTYtOGY4OC0zNDM2M2JjN2M0YzAiOnsiY3JlYXRlIjoxODAwMDAwMDAwMDAwLCJkZWxldGUiOjE4MDAwMDAwMDAwMDAsInJlYWQiOjMwMDAwMDAwMDAwMCwidXBkYXRlIjoxODAwMDAwMDAwMDAwfX0=",
          "dependencies": [
            "azurerm_resource_group.myterraformgroup"
          ]
        }
      ]
    },
    {
      "mode": "managed",
      "type": "azurerm_public_ip",
      "name": "myterraformpublicip",
      "provider": "provider[\"registry.terraform.io/hashicorp/azurerm\"]",
      "instances": [
        {
          "schema_version": 0,
          "attributes": {
            "allocation_method": "Dynamic",
            "domain_name_label": null,
            "fqdn": null,
            "id": "/subscriptions/c301eaf8-a147-46df-971a-91a45e3d9ca5/resourceGroups/myResourceGroup/providers/Microsoft.Network/publicIPAddresses/myPublicIP",
            "idle_timeout_in_minutes": 4,
            "ip_address": "",
            "ip_version": "IPv4",
            "location": "eastus",
            "name": "myPublicIP",
            "public_ip_prefix_id": null,
            "resource_group_name": "myResourceGroup",
            "reverse_fqdn": null,
            "sku": "Basic",
            "tags": {
              "environment": "Terraform Demo"
            },
            "timeouts": null,
            "zones": null
          },
          "private": "eyJlMmJmYjczMC1lY2FhLTExZTYtOGY4OC0zNDM2M2JjN2M0YzAiOnsiY3JlYXRlIjoxODAwMDAwMDAwMDAwLCJkZWxldGUiOjE4MDAwMDAwMDAwMDAsInJlYWQiOjMwMDAwMDAwMDAwMCwidXBkYXRlIjoxODAwMDAwMDAwMDAwfX0=",
          "dependencies": [
            "azurerm_resource_group.myterraformgroup"
          ]
        }
      ]
    },
    {
      "mode": "managed",
      "type": "azurerm_resource_group",
      "name": "myterraformgroup",
      "provider": "provider[\"registry.terraform.io/hashicorp/azurerm\"]",
      "instances": [
        {
          "schema_version": 0,
          "attributes": {
            "id": "/subscriptions/c301eaf8-a147-46df-971a-91a45e3d9ca5/resourceGroups/myResourceGroup",
            "location": "eastus",
            "name": "myResourceGroup",
            "tags": {
              "environment": "Terraform Demo"
            },
            "timeouts": null
          },
          "private": "eyJlMmJmYjczMC1lY2FhLTExZTYtOGY4OC0zNDM2M2JjN2M0YzAiOnsiY3JlYXRlIjo1NDAwMDAwMDAwMDAwLCJkZWxldGUiOjU0MDAwMDAwMDAwMDAsInJlYWQiOjMwMDAwMDAwMDAwMCwidXBkYXRlIjo1NDAwMDAwMDAwMDAwfX0="
        }
      ]
    },
    {
      "mode": "managed",
      "type": "azurerm_storage_account",
      "name": "mystorageaccount",
      "provider": "provider[\"registry.terraform.io/hashicorp/azurerm\"]",
      "instances": [
        {
          "schema_version": 2,
          "attributes": {
            "access_tier": "Hot",
            "account_kind": "StorageV2",
            "account_replication_type": "LRS",
            "account_tier": "Standard",
            "allow_blob_public_access": false,
            "blob_properties": [],
            "custom_domain": [],
            "enable_https_traffic_only": true,
            "id": "/subscriptions/c301eaf8-a147-46df-971a-91a45e3d9ca5/resourceGroups/myResourceGroup/providers/Microsoft.Storage/storageAccounts/diag859266656c9ac647",
            "identity": [],
            "is_hns_enabled": false,
            "location": "eastus",
            "min_tls_version": "TLS1_0",
            "name": "diag859266656c9ac647",
            "network_rules": [
              {
                "bypass": [
                  "AzureServices"
                ],
                "default_action": "Allow",
                "ip_rules": [],
                "virtual_network_subnet_ids": []
              }
            ],
            "primary_access_key": "/qfAn4eZ4bRSAU4FrfrfKdSKpLtIcC6w8VciTJUOynF7F0JGLssnAu1L5kKXFRrlytjXExuqNpLgQ8JnDVkFNw==",
            "primary_blob_connection_string": "DefaultEndpointsProtocol=https;BlobEndpoint=https://diag859266656c9ac647.blob.core.windows.net/;AccountName=diag859266656c9ac647;AccountKey=/qfAn4eZ4bRSAU4FrfrfKdSKpLtIcC6w8VciTJUOynF7F0JGLssnAu1L5kKXFRrlytjXExuqNpLgQ8JnDVkFNw==",
            "primary_blob_endpoint": "https://diag859266656c9ac647.blob.core.windows.net/",
            "primary_blob_host": "diag859266656c9ac647.blob.core.windows.net",
            "primary_connection_string": "DefaultEndpointsProtocol=https;AccountName=diag859266656c9ac647;AccountKey=/qfAn4eZ4bRSAU4FrfrfKdSKpLtIcC6w8VciTJUOynF7F0JGLssnAu1L5kKXFRrlytjXExuqNpLgQ8JnDVkFNw==;EndpointSuffix=core.windows.net",
            "primary_dfs_endpoint": "https://diag859266656c9ac647.dfs.core.windows.net/",
            "primary_dfs_host": "diag859266656c9ac647.dfs.core.windows.net",
            "primary_file_endpoint": "https://diag859266656c9ac647.file.core.windows.net/",
            "primary_file_host": "diag859266656c9ac647.file.core.windows.net",
            "primary_location": "eastus",
            "primary_queue_endpoint": "https://diag859266656c9ac647.queue.core.windows.net/",
            "primary_queue_host": "diag859266656c9ac647.queue.core.windows.net",
            "primary_table_endpoint": "https://diag859266656c9ac647.table.core.windows.net/",
            "primary_table_host": "diag859266656c9ac647.table.core.windows.net",
            "primary_web_endpoint": "https://diag859266656c9ac647.z13.web.core.windows.net/",
            "primary_web_host": "diag859266656c9ac647.z13.web.core.windows.net",
            "queue_properties": [
              {
                "cors_rule": [],
                "hour_metrics": [
                  {
                    "enabled": true,
                    "include_apis": true,
                    "retention_policy_days": 7,
                    "version": "1.0"
                  }
                ],
                "logging": [
                  {
                    "delete": false,
                    "read": false,
                    "retention_policy_days": 0,
                    "version": "1.0",
                    "write": false
                  }
                ],
                "minute_metrics": [
                  {
                    "enabled": false,
                    "include_apis": false,
                    "retention_policy_days": 0,
                    "version": "1.0"
                  }
                ]
              }
            ],
            "resource_group_name": "myResourceGroup",
            "secondary_access_key": "OCL7Hjv2Rbf39HmS1lZu8/MyBYowFGK/qi6slA9E5Kn+e1KpzjnZKrNilMHRfQKLEGV4aZ9sUzmxt5KWKCPnTw==",
            "secondary_blob_connection_string": "",
            "secondary_blob_endpoint": null,
            "secondary_blob_host": null,
            "secondary_connection_string": "DefaultEndpointsProtocol=https;AccountName=diag859266656c9ac647;AccountKey=OCL7Hjv2Rbf39HmS1lZu8/MyBYowFGK/qi6slA9E5Kn+e1KpzjnZKrNilMHRfQKLEGV4aZ9sUzmxt5KWKCPnTw==;EndpointSuffix=core.windows.net",
            "secondary_dfs_endpoint": null,
            "secondary_dfs_host": null,
            "secondary_file_endpoint": null,
            "secondary_file_host": null,
            "secondary_location": "",
            "secondary_queue_endpoint": null,
            "secondary_queue_host": null,
            "secondary_table_endpoint": null,
            "secondary_table_host": null,
            "secondary_web_endpoint": null,
            "secondary_web_host": null,
            "static_website": [],
            "tags": {
              "environment": "Terraform Demo"
            },
            "timeouts": null
          },
          "private": "eyJlMmJmYjczMC1lY2FhLTExZTYtOGY4OC0zNDM2M2JjN2M0YzAiOnsiY3JlYXRlIjozNjAwMDAwMDAwMDAwLCJkZWxldGUiOjM2MDAwMDAwMDAwMDAsInJlYWQiOjMwMDAwMDAwMDAwMCwidXBkYXRlIjozNjAwMDAwMDAwMDAwfSwic2NoZW1hX3ZlcnNpb24iOiIyIn0=",
          "dependencies": [
            "azurerm_resource_group.myterraformgroup",
            "random_id.randomId"
          ]
        }
      ]
    },
    {
      "mode": "managed",
      "type": "azurerm_subnet",
      "name": "myterraformsubnet",
      "provider": "provider[\"registry.terraform.io/hashicorp/azurerm\"]",
      "instances": [
        {
          "schema_version": 0,
          "attributes": {
            "address_prefix": "10.0.1.0/24",
            "address_prefixes": [
              "10.0.1.0/24"
            ],
            "delegation": [],
            "enforce_private_link_endpoint_network_policies": false,
            "enforce_private_link_service_network_policies": false,
            "id": "/subscriptions/c301eaf8-a147-46df-971a-91a45e3d9ca5/resourceGroups/myResourceGroup/providers/Microsoft.Network/virtualNetworks/myVnet/subnets/mySubnet",
            "name": "mySubnet",
            "resource_group_name": "myResourceGroup",
            "service_endpoints": null,
            "timeouts": null,
            "virtual_network_name": "myVnet"
          },
          "private": "eyJlMmJmYjczMC1lY2FhLTExZTYtOGY4OC0zNDM2M2JjN2M0YzAiOnsiY3JlYXRlIjoxODAwMDAwMDAwMDAwLCJkZWxldGUiOjE4MDAwMDAwMDAwMDAsInJlYWQiOjMwMDAwMDAwMDAwMCwidXBkYXRlIjoxODAwMDAwMDAwMDAwfX0=",
          "dependencies": [
            "azurerm_resource_group.myterraformgroup",
            "azurerm_virtual_network.myterraformnetwork"
          ]
        }
      ]
    },
    {
      "mode": "managed",
      "type": "azurerm_virtual_network",
      "name": "myterraformnetwork",
      "provider": "provider[\"registry.terraform.io/hashicorp/azurerm\"]",
      "instances": [
        {
          "schema_version": 0,
          "attributes": {
            "address_space": [
              "10.0.0.0/16"
            ],
            "ddos_protection_plan": [],
            "dns_servers": null,
            "guid": "048b0ae1-4ced-4d7f-badd-37083bb48d68",
            "id": "/subscriptions/c301eaf8-a147-46df-971a-91a45e3d9ca5/resourceGroups/myResourceGroup/providers/Microsoft.Network/virtualNetworks/myVnet",
            "location": "eastus",
            "name": "myVnet",
            "resource_group_name": "myResourceGroup",
            "subnet": [],
            "tags": {
              "environment": "Terraform Demo"
            },
            "timeouts": null
          },
          "private": "eyJlMmJmYjczMC1lY2FhLTExZTYtOGY4OC0zNDM2M2JjN2M0YzAiOnsiY3JlYXRlIjoxODAwMDAwMDAwMDAwLCJkZWxldGUiOjE4MDAwMDAwMDAwMDAsInJlYWQiOjMwMDAwMDAwMDAwMCwidXBkYXRlIjoxODAwMDAwMDAwMDAwfX0=",
          "dependencies": [
            "azurerm_resource_group.myterraformgroup"
          ]
        }
      ]
    },
    {
      "mode": "managed",
      "type": "random_id",
      "name": "randomId",
      "provider": "provider[\"registry.terraform.io/hashicorp/random\"]",
      "instances": [
        {
          "schema_version": 0,
          "attributes": {
            "b64": "hZJmZWyaxkc",
            "b64_std": "hZJmZWyaxkc=",
            "b64_url": "hZJmZWyaxkc",
            "byte_length": 8,
            "dec": "9624867939443983943",
            "hex": "859266656c9ac647",
            "id": "hZJmZWyaxkc",
            "keepers": {
              "resource_group": "myResourceGroup"
            },
            "prefix": null
          },
          "private": "bnVsbA==",
          "dependencies": [
            "azurerm_resource_group.myterraformgroup"
          ]
        }
      ]
    },
    {
      "mode": "managed",
      "type": "tls_private_key",
      "name": "example_ssh",
      "provider": "provider[\"registry.terraform.io/hashicorp/tls\"]",
      "instances": [
        {
          "schema_version": 0,
          "attributes": {
            "algorithm": "RSA",
            "ecdsa_curve": "P224",
            "id": "f21ec4d35ae1168204308ddd94c25bd06666f1c1",
            "private_key_pem": "-----BEGIN RSA PRIVATE KEY-----\nMIIJKAIBAAKCAgEAvnUrdvDLhEsP2IfAdLDioZ7oq4pUTF7BXuq3xKjxmkrfRhmV\nmeST7UEe3jGpDneS209UV6u0c6sinMAH0vwFRsOqiazA/GMTFlJXxo+qVLm4CdJ8\njnE5N1AxY/EyfGmecRhd+31s0fY7wnOT8sr3s0bswcAqrVdcWxcmoy9tsiUaTACs\nOo6f1zku9XG18FvJrr48CwqyNBWVxRKD3rm0KekXxKtYV3+ae7wDzrVPz2R0p03a\n+qtalZ48c0OQG76cpQ/nvuNMD9dZeGTO662hto8lUvheVrbJSoZfKd8UWc3bzI06\nRXSt8WynCwQxOYLNMPW7tga/5RAWGZKB3kct9gIkdPFBEKFROB0KuvUQcqDmYxEf\ncxIAH2pzW96ly9JteVtmffoagSyNfQGXpN1yUBx/sx+WOHkhvzrS3LcidEOoVs8E\nZBxhbWb7PrBq0MWb6b3fTxO2BQsWXppDeCtyZdyaRMNxpLyXfKereCVhgUATF0Df\neNoc1VOhBFQepu96DY+KgpdUkrDvw+Ubber2hRcxCA5E2DAiHF76CHN9vZhS+ef1\nIAECaxJJKr1A2iFEt9AM/3J831zgB11tNEp/o0qMvN6QWvrUTI3RSNULSixcNWeJ\nmc4HYjW0h7YwbRkgtR86o4eI7uM81Cs759yOi6pIK9AjjrV2OVU4WzkI2DcCAwEA\nAQKCAgAVKko5PosvWXQaWQOvNBULZvBuV8IEdqdAmA7yAOBQiC+Fx8QTRQ6XWBxJ\nDvW9kNY2Hvu9fmxgSk1fZAu6i50+fvINuK/9nDj7ywzMGR0Rq03jcYu7/KMiHXxP\nofc9UjN0WAPhtc+JCbccZeG0IpAiUShwY52ag9HUoZ7+lX+4Q11Hwu9g1oa20TkB\nt7BDVL/19lgP1hF1rkxliSg0cSivW6LzjSMVHi4ZwAwgRY/n+T7pdMJ4BuDbLamE\nGacDHkykHz9evD2wqPrdYT6JfFMzSXcZYFaDhm6aJJKgwZSuYi0h7zPhkhTedned\nxsp9nKaW4UgJ83gRyZbbIqfh/sEBm1eEK8AcA4BctvOexGL6PHyJphwI8W2Xt16l\nG69gxsrurALqTL8MYlcPRT82OrvxyHv+mog92otUBQcb9R2qzYIRy9c2D1d0jngh\nAWGAG4CDQyVipew6l1gju1i+ZT7KANPuw7rZ0GtjEbW+3RZ3JgKiD39jYMQcS0Fi\njQYbG8mcdDGKK3DjB7bpbi91xwnPCxjF0iCGbWhvWBssCig1FaH+nAsA4Y628xAw\n93+M/HyJauywKLLN/4rDFxZ2MHEQ0L6bAEKaM68QqBuapQmY6HpQtJvvsaZGeCrp\nYZPxKTBulwSnKjK94bsQV/cys1p6yDjPtLjot7153J6jAvHOEQKCAQEAxPkZPRUb\nz4Dh3xKPIUjmPTV8Ozmn/Xbvema+QbG3aBD3zPOgC1ivlY86SERBvq7+G100lpFe\nbsGMvuIhtyBOvAPMryFCHTEio7jcfLTD4v52YwMx8UikXC6Z6Q24iSdVOFMKiPoa\nKCFIJhDuk8V64B2rlH+efFinp+FiIyaX6ltd3o/US2+ivPfeHETgn9OuAaHCSjfx\nvLwTJGgXEIb0rJl5/Bof8eeQ2QWzZNE2sHAIempIPlwdrT0XAzS6ZEWtdtGTCNQp\nuM6+RrARShdKpvdrdZCLrxuVmNBFYmxPXUVDB13Vq/1FpTDmMmA/UhDLSrZqC1fu\nvllWTja9P05/3wKCAQEA94g+GQsZWr8SChNjMFben/tYazE5XaE5mvkFJ4i/33UY\nUXoz0Rz1f/RBqJzDrhmYpD18lVy2ytFKjLPZv6lKFH6jA6BHw5c3QcbHPcgQt225\nhupkX5fbO3smrJ+qZ03wSB3DrZkOPl8YGfOok8b4Z0cShwdrSSaq5hMEWhJhsobC\nC/LUXW6sy3EpRRAzJoYjFSTyE4xe+9JpzYz7SZOnAZ7Y4rHggmmJR72T1AGrziL3\n1V5GZH8BXcedFiZvLo6O4NzPrdF6L0/1BCi/clbgwwohMOeTJO7RabMHgONEvv/5\ngv4DyJFRR5MCf7X9KeRHv3BL2w8iGq2dZCMg2t9SqQKCAQAcVUSHH8kvUPeskcva\n2tSbi10CW+nJMNmDvtGxO3IJWx958LVdzHT9S2vzxzW5ywwsPXz6B5EQ13B6aKa2\n48PPkbBYpK0Q6+dyq32zxoDC3x2CYoxFi9BwnhdviZS4zdqZToCecXNfwGHTb+4R\nfX+OS1ZJ9w2CD3KWWHo4Wi3R/TCEeiXsb/N1wSXG5TV2aAmInI8JBAEWx+rs+rgO\nnYsGZNFCLTPZJRkVzpcecmWufX8KtM0Ng0yVhcsQn/4LvGYWSFEhHPufZMXD/0GN\nacpIOCDR+WfOWWZsY9EHNlM4NGVO4vWAVt80wtLp/iQ9lsLXTWP1m8FwygL7Hy6b\ns5v7AoIBAQC17/QEoD3Qj2QI99sN6qvTVwDUOOf7Q8d9es8pEcBF1GE9cd6oMurX\nU4b3EdJaIwIopfDuL6lDRbXP2VmRIDMNAU98GNDmmDzLIfnMFUMEL6gP3DROduVy\nwL/aXbj4GTclKotrC3aGrYqfeJJNnA90ia66hN98culmFlA6jAw3FgmGksM4sWJc\nXh6BXrjZ9fnPTsqHR8OAwFV3+cmxeM9lx4WOikOEV2HJ0zPWviuzZcxXjeWbdCZi\n8ZcqcrGBvNKTwHj9P1zZbaGfnvuoZObrNITU10E2Ajr1v9siBum+oZKZj27kersN\nKqbJi9A6fEmoEjgPGP5uMXHf6ln5xe+RAoIBAG5Pxv4ZGqDcxcKeo1VaPB5+vrId\nKhi1UpnQnG9mW1nC90GFG8tEMx8dOJmgI9otp4tr7hSzpnDYkss+ROd+qQezBXBW\nWhDI2Figsp2bK3s+VKz3Swh8WX3eccGow8kokQeGUogoWQScQvclO6WDB9ub9nOe\n6gzi8lBCw/18kQWJFYPmowOXrDm47hcs3GYJQmJe/jujz99CBTFMeKoWUHpBA3yI\n/gqFDkKM0TMYWTNPGnDSlaTeC4j/h8/ZFpryaZnNfDo12oYO/M0xhlJdy/gzCWT6\nJ3GbJ0oabu3eEbPuif/0Zi10AGQ29PXUn5msRfAqYR1leOUFmjbpceIBGmw=\n-----END RSA PRIVATE KEY-----\n",
            "public_key_fingerprint_md5": "97:6b:98:2b:80:4d:88:e7:6b:7c:41:1d:4f:8f:5e:50",
            "public_key_openssh": "ssh-rsa AAAAB3NzaC1yc2EAAAADAQABAAACAQC+dSt28MuESw/Yh8B0sOKhnuirilRMXsFe6rfEqPGaSt9GGZWZ5JPtQR7eMakOd5LbT1RXq7RzqyKcwAfS/AVGw6qJrMD8YxMWUlfGj6pUubgJ0nyOcTk3UDFj8TJ8aZ5xGF37fWzR9jvCc5PyyvezRuzBwCqtV1xbFyajL22yJRpMAKw6jp/XOS71cbXwW8muvjwLCrI0FZXFEoPeubQp6RfEq1hXf5p7vAPOtU/PZHSnTdr6q1qVnjxzQ5AbvpylD+e+40wP11l4ZM7rraG2jyVS+F5WtslKhl8p3xRZzdvMjTpFdK3xbKcLBDE5gs0w9bu2Br/lEBYZkoHeRy32AiR08UEQoVE4HQq69RByoOZjER9zEgAfanNb3qXL0m15W2Z9+hqBLI19AZek3XJQHH+zH5Y4eSG/OtLctyJ0Q6hWzwRkHGFtZvs+sGrQxZvpvd9PE7YFCxZemkN4K3Jl3JpEw3GkvJd8p6t4JWGBQBMXQN942hzVU6EEVB6m73oNj4qCl1SSsO/D5Rtt6vaFFzEIDkTYMCIcXvoIc329mFL55/UgAQJrEkkqvUDaIUS30Az/cnzfXOAHXW00Sn+jSoy83pBa+tRMjdFI1QtKLFw1Z4mZzgdiNbSHtjBtGSC1Hzqjh4ju4zzUKzvn3I6Lqkgr0COOtXY5VThbOQjYNw==\n",
            "public_key_pem": "-----BEGIN PUBLIC KEY-----\nMIICIjANBgkqhkiG9w0BAQEFAAOCAg8AMIICCgKCAgEAvnUrdvDLhEsP2IfAdLDi\noZ7oq4pUTF7BXuq3xKjxmkrfRhmVmeST7UEe3jGpDneS209UV6u0c6sinMAH0vwF\nRsOqiazA/GMTFlJXxo+qVLm4CdJ8jnE5N1AxY/EyfGmecRhd+31s0fY7wnOT8sr3\ns0bswcAqrVdcWxcmoy9tsiUaTACsOo6f1zku9XG18FvJrr48CwqyNBWVxRKD3rm0\nKekXxKtYV3+ae7wDzrVPz2R0p03a+qtalZ48c0OQG76cpQ/nvuNMD9dZeGTO662h\nto8lUvheVrbJSoZfKd8UWc3bzI06RXSt8WynCwQxOYLNMPW7tga/5RAWGZKB3kct\n9gIkdPFBEKFROB0KuvUQcqDmYxEfcxIAH2pzW96ly9JteVtmffoagSyNfQGXpN1y\nUBx/sx+WOHkhvzrS3LcidEOoVs8EZBxhbWb7PrBq0MWb6b3fTxO2BQsWXppDeCty\nZdyaRMNxpLyXfKereCVhgUATF0DfeNoc1VOhBFQepu96DY+KgpdUkrDvw+Ubber2\nhRcxCA5E2DAiHF76CHN9vZhS+ef1IAECaxJJKr1A2iFEt9AM/3J831zgB11tNEp/\no0qMvN6QWvrUTI3RSNULSixcNWeJmc4HYjW0h7YwbRkgtR86o4eI7uM81Cs759yO\ni6pIK9AjjrV2OVU4WzkI2DcCAwEAAQ==\n-----END PUBLIC KEY-----\n",
            "rsa_bits": 4096
          },
          "private": "bnVsbA=="
        }
      ]
    }
  ]
}
